lockfileVersion: '6.0'

settings:
  autoInstallPeers: true
  excludeLinksFromLockfile: false

dependencies:
  '@tonaljs/chord':
    specifier: ^4.8.5
    version: 4.10.2
  '@tonaljs/note':
    specifier: ^4.8.5
    version: 4.12.1
  '@tonaljs/tonal':
    specifier: ^4.8.5
    version: 4.10.0
  tonal:
    specifier: ^6.4.2
    version: 6.4.2

devDependencies:
  '@biomejs/biome':
    specifier: ^2.3.11
    version: 2.3.11
  '@types/node':
    specifier: ^20.0.0
    version: 20.19.27
  tsx:
    specifier: ^3.12.0
    version: 3.14.0
  typescript:
    specifier: ^5.0.0
    version: 5.9.3

packages:

  /@biomejs/biome@2.3.11:
    resolution: {integrity: sha512-/zt+6qazBWguPG6+eWmiELqO+9jRsMZ/DBU3lfuU2ngtIQYzymocHhKiZRyrbra4aCOoyTg/BmY+6WH5mv9xmQ==}
    engines: {node: '>=14.21.3'}
    hasBin: true
    optionalDependencies:
      '@biomejs/cli-darwin-arm64': 2.3.11
      '@biomejs/cli-darwin-x64': 2.3.11
      '@biomejs/cli-linux-arm64': 2.3.11
      '@biomejs/cli-linux-arm64-musl': 2.3.11
      '@biomejs/cli-linux-x64': 2.3.11
      '@biomejs/cli-linux-x64-musl': 2.3.11
      '@biomejs/cli-win32-arm64': 2.3.11
      '@biomejs/cli-win32-x64': 2.3.11
    dev: true

  /@biomejs/cli-darwin-arm64@2.3.11:
    resolution: {integrity: sha512-/uXXkBcPKVQY7rc9Ys2CrlirBJYbpESEDme7RKiBD6MmqR2w3j0+ZZXRIL2xiaNPsIMMNhP1YnA+jRRxoOAFrA==}
    engines: {node: '>=14.21.3'}
    cpu: [arm64]
    os: [darwin]
    requiresBuild: true
    dev: true
    optional: true

  /@biomejs/cli-darwin-x64@2.3.11:
    resolution: {integrity: sha512-fh7nnvbweDPm2xEmFjfmq7zSUiox88plgdHF9OIW4i99WnXrAC3o2P3ag9judoUMv8FCSUnlwJCM1B64nO5Fbg==}
    engines: {node: '>=14.21.3'}
    cpu: [x64]
    os: [darwin]
    requiresBuild: true
    dev: true
    optional: true

  /@biomejs/cli-linux-arm64-musl@2.3.11:
    resolution: {integrity: sha512-XPSQ+XIPZMLaZ6zveQdwNjbX+QdROEd1zPgMwD47zvHV+tCGB88VH+aynyGxAHdzL+Tm/+DtKST5SECs4iwCLg==}
    engines: {node: '>=14.21.3'}
    cpu: [arm64]
    os: [linux]
    requiresBuild: true
    dev: true
    optional: true

  /@biomejs/cli-linux-arm64@2.3.11:
    resolution: {integrity: sha512-l4xkGa9E7Uc0/05qU2lMYfN1H+fzzkHgaJoy98wO+b/7Gl78srbCRRgwYSW+BTLixTBrM6Ede5NSBwt7rd/i6g==}
    engines: {node: '>=14.21.3'}
    cpu: [arm64]
    os: [linux]
    requiresBuild: true
    dev: true
    optional: true

  /@biomejs/cli-linux-x64-musl@2.3.11:
    resolution: {integrity: sha512-vU7a8wLs5C9yJ4CB8a44r12aXYb8yYgBn+WeyzbMjaCMklzCv1oXr8x+VEyWodgJt9bDmhiaW/I0RHbn7rsNmw==}
    engines: {node: '>=14.21.3'}
    cpu: [x64]
    os: [linux]
    requiresBuild: true
    dev: true
    optional: true

  /@biomejs/cli-linux-x64@2.3.11:
    resolution: {integrity: sha512-/1s9V/H3cSe0r0Mv/Z8JryF5x9ywRxywomqZVLHAoa/uN0eY7F8gEngWKNS5vbbN/BsfpCG5yeBT5ENh50Frxg==}
    engines: {node: '>=14.21.3'}
    cpu: [x64]
    os: [linux]
    requiresBuild: true
    dev: true
    optional: true

  /@biomejs/cli-win32-arm64@2.3.11:
    resolution: {integrity: sha512-PZQ6ElCOnkYapSsysiTy0+fYX+agXPlWugh6+eQ6uPKI3vKAqNp6TnMhoM3oY2NltSB89hz59o8xIfOdyhi9Iw==}
    engines: {node: '>=14.21.3'}
    cpu: [arm64]
    os: [win32]
    requiresBuild: true
    dev: true
    optional: true

  /@biomejs/cli-win32-x64@2.3.11:
    resolution: {integrity: sha512-43VrG813EW+b5+YbDbz31uUsheX+qFKCpXeY9kfdAx+ww3naKxeVkTD9zLIWxUPfJquANMHrmW3wbe/037G0Qg==}
    engines: {node: '>=14.21.3'}
    cpu: [x64]
    os: [win32]
    requiresBuild: true
    dev: true
    optional: true

  /@esbuild/android-arm64@0.18.20:
    resolution: {integrity: sha512-Nz4rJcchGDtENV0eMKUNa6L12zz2zBDXuhj/Vjh18zGqB44Bi7MBMSXjgunJgjRhCmKOjnPuZp4Mb6OKqtMHLQ==}
    engines: {node: '>=12'}
    cpu: [arm64]
    os: [android]
    requiresBuild: true
    dev: true
    optional: true

  /@esbuild/android-arm@0.18.20:
    resolution: {integrity: sha512-fyi7TDI/ijKKNZTUJAQqiG5T7YjJXgnzkURqmGj13C6dCqckZBLdl4h7bkhHt/t0WP+zO9/zwroDvANaOqO5Sw==}
    engines: {node: '>=12'}
    cpu: [arm]
    os: [android]
    requiresBuild: true
    dev: true
    optional: true

  /@esbuild/android-x64@0.18.20:
    resolution: {integrity: sha512-8GDdlePJA8D6zlZYJV/jnrRAi6rOiNaCC/JclcXpB+KIuvfBN4owLtgzY2bsxnx666XjJx2kDPUmnTtR8qKQUg==}
    engines: {node: '>=12'}
    cpu: [x64]
    os: [android]
    requiresBuild: true
    dev: true
    optional: true

  /@esbuild/darwin-arm64@0.18.20:
    resolution: {integrity: sha512-bxRHW5kHU38zS2lPTPOyuyTm+S+eobPUnTNkdJEfAddYgEcll4xkT8DB9d2008DtTbl7uJag2HuE5NZAZgnNEA==}
    engines: {node: '>=12'}
    cpu: [arm64]
    os: [darwin]
    requiresBuild: true
    dev: true
    optional: true

  /@esbuild/darwin-x64@0.18.20:
    resolution: {integrity: sha512-pc5gxlMDxzm513qPGbCbDukOdsGtKhfxD1zJKXjCCcU7ju50O7MeAZ8c4krSJcOIJGFR+qx21yMMVYwiQvyTyQ==}
    engines: {node: '>=12'}
    cpu: [x64]
    os: [darwin]
    requiresBuild: true
    dev: true
    optional: true

  /@esbuild/freebsd-arm64@0.18.20:
    resolution: {integrity: sha512-yqDQHy4QHevpMAaxhhIwYPMv1NECwOvIpGCZkECn8w2WFHXjEwrBn3CeNIYsibZ/iZEUemj++M26W3cNR5h+Tw==}
    engines: {node: '>=12'}
    cpu: [arm64]
    os: [freebsd]
    requiresBuild: true
    dev: true
    optional: true

  /@esbuild/freebsd-x64@0.18.20:
    resolution: {integrity: sha512-tgWRPPuQsd3RmBZwarGVHZQvtzfEBOreNuxEMKFcd5DaDn2PbBxfwLcj4+aenoh7ctXcbXmOQIn8HI6mCSw5MQ==}
    engines: {node: '>=12'}
    cpu: [x64]
    os: [freebsd]
    requiresBuild: true
    dev: true
    optional: true

  /@esbuild/linux-arm64@0.18.20:
    resolution: {integrity: sha512-2YbscF+UL7SQAVIpnWvYwM+3LskyDmPhe31pE7/aoTMFKKzIc9lLbyGUpmmb8a8AixOL61sQ/mFh3jEjHYFvdA==}
    engines: {node: '>=12'}
    cpu: [arm64]
    os: [linux]
    requiresBuild: true
    dev: true
    optional: true

  /@esbuild/linux-arm@0.18.20:
    resolution: {integrity: sha512-/5bHkMWnq1EgKr1V+Ybz3s1hWXok7mDFUMQ4cG10AfW3wL02PSZi5kFpYKrptDsgb2WAJIvRcDm+qIvXf/apvg==}
    engines: {node: '>=12'}
    cpu: [arm]
    os: [linux]
    requiresBuild: true
    dev: true
    optional: true

  /@esbuild/linux-ia32@0.18.20:
    resolution: {integrity: sha512-P4etWwq6IsReT0E1KHU40bOnzMHoH73aXp96Fs8TIT6z9Hu8G6+0SHSw9i2isWrD2nbx2qo5yUqACgdfVGx7TA==}
    engines: {node: '>=12'}
    cpu: [ia32]
    os: [linux]
    requiresBuild: true
    dev: true
    optional: true

  /@esbuild/linux-loong64@0.18.20:
    resolution: {integrity: sha512-nXW8nqBTrOpDLPgPY9uV+/1DjxoQ7DoB2N8eocyq8I9XuqJ7BiAMDMf9n1xZM9TgW0J8zrquIb/A7s3BJv7rjg==}
    engines: {node: '>=12'}
    cpu: [loong64]
    os: [linux]
    requiresBuild: true
    dev: true
    optional: true

  /@esbuild/linux-mips64el@0.18.20:
    resolution: {integrity: sha512-d5NeaXZcHp8PzYy5VnXV3VSd2D328Zb+9dEq5HE6bw6+N86JVPExrA6O68OPwobntbNJ0pzCpUFZTo3w0GyetQ==}
    engines: {node: '>=12'}
    cpu: [mips64el]
    os: [linux]
    requiresBuild: true
    dev: true
    optional: true

  /@esbuild/linux-ppc64@0.18.20:
    resolution: {integrity: sha512-WHPyeScRNcmANnLQkq6AfyXRFr5D6N2sKgkFo2FqguP44Nw2eyDlbTdZwd9GYk98DZG9QItIiTlFLHJHjxP3FA==}
    engines: {node: '>=12'}
    cpu: [ppc64]
    os: [linux]
    requiresBuild: true
    dev: true
    optional: true

  /@esbuild/linux-riscv64@0.18.20:
    resolution: {integrity: sha512-WSxo6h5ecI5XH34KC7w5veNnKkju3zBRLEQNY7mv5mtBmrP/MjNBCAlsM2u5hDBlS3NGcTQpoBvRzqBcRtpq1A==}
    engines: {node: '>=12'}
    cpu: [riscv64]
    os: [linux]
    requiresBuild: true
    dev: true
    optional: true

  /@esbuild/linux-s390x@0.18.20:
    resolution: {integrity: sha512-+8231GMs3mAEth6Ja1iK0a1sQ3ohfcpzpRLH8uuc5/KVDFneH6jtAJLFGafpzpMRO6DzJ6AvXKze9LfFMrIHVQ==}
    engines: {node: '>=12'}
    cpu: [s390x]
    os: [linux]
    requiresBuild: true
    dev: true
    optional: true

  /@esbuild/linux-x64@0.18.20:
    resolution: {integrity: sha512-UYqiqemphJcNsFEskc73jQ7B9jgwjWrSayxawS6UVFZGWrAAtkzjxSqnoclCXxWtfwLdzU+vTpcNYhpn43uP1w==}
    engines: {node: '>=12'}
    cpu: [x64]
    os: [linux]
    requiresBuild: true
    dev: true
    optional: true

  /@esbuild/netbsd-x64@0.18.20:
    resolution: {integrity: sha512-iO1c++VP6xUBUmltHZoMtCUdPlnPGdBom6IrO4gyKPFFVBKioIImVooR5I83nTew5UOYrk3gIJhbZh8X44y06A==}
    engines: {node: '>=12'}
    cpu: [x64]
    os: [netbsd]
    requiresBuild: true
    dev: true
    optional: true

  /@esbuild/openbsd-x64@0.18.20:
    resolution: {integrity: sha512-e5e4YSsuQfX4cxcygw/UCPIEP6wbIL+se3sxPdCiMbFLBWu0eiZOJ7WoD+ptCLrmjZBK1Wk7I6D/I3NglUGOxg==}
    engines: {node: '>=12'}
    cpu: [x64]
    os: [openbsd]
    requiresBuild: true
    dev: true
    optional: true

  /@esbuild/sunos-x64@0.18.20:
    resolution: {integrity: sha512-kDbFRFp0YpTQVVrqUd5FTYmWo45zGaXe0X8E1G/LKFC0v8x0vWrhOWSLITcCn63lmZIxfOMXtCfti/RxN/0wnQ==}
    engines: {node: '>=12'}
    cpu: [x64]
    os: [sunos]
    requiresBuild: true
    dev: true
    optional: true

  /@esbuild/win32-arm64@0.18.20:
    resolution: {integrity: sha512-ddYFR6ItYgoaq4v4JmQQaAI5s7npztfV4Ag6NrhiaW0RrnOXqBkgwZLofVTlq1daVTQNhtI5oieTvkRPfZrePg==}
    engines: {node: '>=12'}
    cpu: [arm64]
    os: [win32]
    requiresBuild: true
    dev: true
    optional: true

  /@esbuild/win32-ia32@0.18.20:
    resolution: {integrity: sha512-Wv7QBi3ID/rROT08SABTS7eV4hX26sVduqDOTe1MvGMjNd3EjOz4b7zeexIR62GTIEKrfJXKL9LFxTYgkyeu7g==}
    engines: {node: '>=12'}
    cpu: [ia32]
    os: [win32]
    requiresBuild: true
    dev: true
    optional: true

  /@esbuild/win32-x64@0.18.20:
    resolution: {integrity: sha512-kTdfRcSiDfQca/y9QIkng02avJ+NCaQvrMejlsB3RRv5sE9rRoeBPISaZpKxHELzRxZyLvNts1P27W3wV+8geQ==}
    engines: {node: '>=12'}
    cpu: [x64]
    os: [win32]
    requiresBuild: true
    dev: true
    optional: true

  /@tonaljs/abc-notation@4.9.1:
    resolution: {integrity: sha512-2fDUdPsFDdgZgyIiZCTYGKy30QiwIQxSXCSN2thGrSMXbQKCp8iTC8haStYcrA+25MPWhWlmvC/pz3tGcTNAqQ==}
    dependencies:
      '@tonaljs/pitch-distance': 5.0.5
      '@tonaljs/pitch-note': 6.1.0
    dev: false

  /@tonaljs/array@4.8.4:
    resolution: {integrity: sha512-97HVdpZy82PqNBDMM9PRSbO2DUrnxNg3++N4xqLpfby70fKHAHhTWrMXWZK+Dzs76HDPQLd+qhd4cq28eBZzjw==}
    dependencies:
      '@tonaljs/pitch-note': 6.1.0
    dev: false

  /@tonaljs/chord-detect@4.9.1:
    resolution: {integrity: sha512-rV/9+R7aZ9cQorQ3jdNMMMh63onosglYZM71Q0n7KKcWMAGrxF66MzxBG82xy+w1QDMJQslB3iHfDHUiS6wRjA==}
    dependencies:
      '@tonaljs/chord-type': 5.1.1
      '@tonaljs/pcset': 4.10.1
      '@tonaljs/pitch-note': 6.1.0
    dev: false

  /@tonaljs/chord-type@4.8.2:
    resolution: {integrity: sha512-GzSTjQmZjkUdPhyesFDeJbxpW8R7L/bAE34E8ApGAh9FMcKYpRdX3Tn+gkluRsXOiRMfW07p3E0Adx4bjtyN+Q==}
    dependencies:
      '@tonaljs/core': 4.10.4
      '@tonaljs/pcset': 4.10.1
    dev: false

  /@tonaljs/chord-type@5.1.1:
    resolution: {integrity: sha512-ti4WzRYvvjH7to0G3zlJFq7WsjHqmcqbk8Jv98aZSR5YumLdY/ua2yOPPyoPq82n6vfgjZsacnAZ3v8/SodOcw==}
    dependencies:
      '@tonaljs/pcset': 4.10.1
    dev: false

  /@tonaljs/chord@4.10.2:
    resolution: {integrity: sha512-Zlqtq6c6T4y+EqvwHRQp9icEjHqyniCpnIwwCFg5amgAQwXmWzarouOOSmcdJ1Is92eEvcPVuCoLiVUtajS30A==}
    dependencies:
      '@tonaljs/chord-detect': 4.9.1
      '@tonaljs/chord-type': 4.8.2
      '@tonaljs/collection': 4.9.0
      '@tonaljs/core': 4.10.4
      '@tonaljs/pcset': 4.10.1
      '@tonaljs/scale-type': 4.9.1
    dev: false

  /@tonaljs/chord@6.1.1:
    resolution: {integrity: sha512-gsLyGGkOt0g5L/uF4ICpYQengahW3WAMjckyvyzvqMYpvH7fokmtcymOfbltDQzaVuYuL0TsVmbfjbah2rKEww==}
    dependencies:
      '@tonaljs/chord-detect': 4.9.1
      '@tonaljs/chord-type': 5.1.1
      '@tonaljs/collection': 4.9.0
      '@tonaljs/interval': 5.1.0
      '@tonaljs/pcset': 4.10.1
      '@tonaljs/pitch-distance': 5.0.5
      '@tonaljs/pitch-note': 6.1.0
      '@tonaljs/scale-type': 4.9.1
    dev: false

  /@tonaljs/collection@4.9.0:
    resolution: {integrity: sha512-Mk0h7O54nT6PgNVcUYauzxa5KOB23+0AOKudWzRH7JhJIN9vhVIC7PtwZXE+/G051UTbHSFIcN/afkgF4nB/8A==}
    dev: false

  /@tonaljs/core@4.10.4:
    resolution: {integrity: sha512-PhGlQ2Js6rFQ6CufkSiBpEJoPS8QIIhbXSXhT4U+5ffqckli+YBZRN24vjZ4AEKuX8xoYDmCCbl+r6agauvzmw==}
    dependencies:
      '@tonaljs/pitch': 5.0.1
      '@tonaljs/pitch-distance': 5.0.2
      '@tonaljs/pitch-interval': 5.0.2
      '@tonaljs/pitch-note': 5.0.3
    dev: false

  /@tonaljs/core@5.0.2:
    resolution: {integrity: sha512-v/fIRsB+lz93/yJnDEWvjDX6nDJ/Pz3cb0znm/UD8qKpN9BhN+v93iIaZG5LX0J2JNS35TtgIhwKFO10j6zieQ==}
    dependencies:
      '@tonaljs/pitch': 5.0.2
      '@tonaljs/pitch-distance': 5.0.5
      '@tonaljs/pitch-interval': 6.1.0
      '@tonaljs/pitch-note': 6.1.0
    dev: false

  /@tonaljs/duration-value@4.9.0:
    resolution: {integrity: sha512-Muz54HyIe0nMYKWx6wyTa4y17ma29DtpJF4/oqJphy6A124rAVDe/SKit8JGOvDYAQj71FUXqs17sXBxO/ExVw==}
    dev: false

  /@tonaljs/interval@4.8.2:
    resolution: {integrity: sha512-9SEuJuqFdmu9lnvMmJtxbReQcQvZ1YHXhCcxaF6Re23/w+BqiJvvkvNZhfWH+n1+g0uaSdTsuvMfamp7hAvPMw==}
    dependencies:
      '@tonaljs/pitch': 5.0.2
      '@tonaljs/pitch-distance': 5.0.5
      '@tonaljs/pitch-interval': 5.0.2
    dev: false

  /@tonaljs/interval@5.1.0:
    resolution: {integrity: sha512-GR9dUjn0j7yhjwjRh8HQxZYXOiVl05WfY3AFyMB9rfg807K4dSJmWfPTULPQXyHJ6NiZOPXcwRs8MxMLDxgdbg==}
    dependencies:
      '@tonaljs/pitch': 5.0.2
      '@tonaljs/pitch-distance': 5.0.5
      '@tonaljs/pitch-interval': 6.1.0
    dev: false

  /@tonaljs/key@4.11.2:
    resolution: {integrity: sha512-fc1y5+NwS4S3amirzYLLB324PxJDO00oIBbLJclAddc46UBeYnu4FNz+1nZboHCXRQ/06/ftuaWD/l7HrAoulw==}
    dependencies:
      '@tonaljs/note': 4.12.1
      '@tonaljs/pitch-note': 6.1.0
      '@tonaljs/roman-numeral': 4.9.1
    dev: false

  /@tonaljs/midi@4.10.2:
    resolution: {integrity: sha512-MPamXhEwPL7L1udLfYMm3Ft8mLYtHr62Zi2w5zYHM2P7YwIvNoiX0+dvAN5is1Wvq4iVRa8AjFHerjOW/SZhGg==}
    dependencies:
      '@tonaljs/pitch-note': 6.1.0
    dev: false

  /@tonaljs/mode@4.9.1:
    resolution: {integrity: sha512-h+K7eOUKpyX7kMRCwCew6cV1oN0sZYD5LLeKD7zEERNd/6wvGBfGCdMZECGqzpFUmjUyCY87IOntem6EPbKVCg==}
    dependencies:
      '@tonaljs/collection': 4.9.0
      '@tonaljs/interval': 5.1.0
      '@tonaljs/pcset': 4.10.1
      '@tonaljs/pitch-distance': 5.0.5
      '@tonaljs/pitch-note': 6.1.0
      '@tonaljs/scale-type': 4.9.1
    dev: false

  /@tonaljs/note@4.12.1:
    resolution: {integrity: sha512-yh6cnhu21bUb0VuIQWxObSbWBVp2cHIkJj4zZ4qsNOW4jSqn74+wHpSbOTDF8q+2hl6upz7TtBRavtqwPtLUCQ==}
    dependencies:
      '@tonaljs/midi': 4.10.2
      '@tonaljs/pitch': 5.0.2
      '@tonaljs/pitch-distance': 5.0.5
      '@tonaljs/pitch-interval': 6.1.0
      '@tonaljs/pitch-note': 6.1.0
    dev: false

  /@tonaljs/pcset@4.10.1:
    resolution: {integrity: sha512-CZG1rpKc38yMfpEJsbDTvsTmQqsek9xxcuMgK64Tr6sP1lEiDuZJbQeKVWWRnreBF2FQ1cEGLmfOpvSO+40csA==}
    dependencies:
      '@tonaljs/collection': 4.9.0
      '@tonaljs/pitch': 5.0.2
      '@tonaljs/pitch-distance': 5.0.5
      '@tonaljs/pitch-interval': 6.1.0
      '@tonaljs/pitch-note': 6.1.0
    dev: false

  /@tonaljs/pitch-distance@5.0.2:
    resolution: {integrity: sha512-DPxfGJCf4BvfIVRxl2v142tuCKIziM6PomOBT0/s7U5o+Z5qFAIW0tNx/MKyL83guV74p+XIf5VI0w1flmXxDA==}
    dependencies:
      '@tonaljs/pitch': 5.0.1
      '@tonaljs/pitch-interval': 5.0.2
      '@tonaljs/pitch-note': 5.0.3
    dev: false

  /@tonaljs/pitch-distance@5.0.5:
    resolution: {integrity: sha512-dTfjsU0zyrj5YmiFio5prPaD5w7sBmHp4nnmlEg70nHY+SerAH0KiO9HM9usttVgRFUaXl0Gc7OI8YMGfSFmug==}
    dependencies:
      '@tonaljs/pitch': 5.0.2
      '@tonaljs/pitch-interval': 6.1.0
      '@tonaljs/pitch-note': 6.1.0
    dev: false

  /@tonaljs/pitch-interval@5.0.2:
    resolution: {integrity: sha512-bQmxeenRFNuuABs9mDc+bSUp3ySGw8I49pHMoGDdCcro9n3MDN8IsSwhvKoGOYErFMx76rNn1t+7WL8ukpvX5w==}
    dependencies:
      '@tonaljs/pitch': 5.0.1
    dev: false

  /@tonaljs/pitch-interval@6.1.0:
    resolution: {integrity: sha512-9ZMxA7V4UgySnOKPIG6HECzhDb8mbiTCIdNNIzCIfz5XpjUmohku2YZpVVWMacLHgyeQicJzNoRiPel5oSAn4A==}
    dependencies:
      '@tonaljs/pitch': 5.0.2
    dev: false

  /@tonaljs/pitch-note@5.0.3:
    resolution: {integrity: sha512-JsPgqPa8VZdZtfwvgoHJz996BZqzvlnRxUF6c/Q9q8E0iq30UHBEid0Y6XldK+h6tuIENsG3a9jyvNNxRqIeYw==}
    dependencies:
      '@tonaljs/pitch': 5.0.1
    dev: false

  /@tonaljs/pitch-note@6.1.0:
    resolution: {integrity: sha512-A4OSLo8DjM38u73862LnDmL4YInDDRBmg0fojXcvu4cyU3oOlqndyeHOra1OVoH/WW46uNIxNs1wJDZNPWL5KQ==}
    dependencies:
      '@tonaljs/pitch': 5.0.2
    dev: false

  /@tonaljs/pitch@5.0.1:
    resolution: {integrity: sha512-5HYkF4hGY0jS2y5V3Hf5gNFXX46kT4cAcI7JLEn+qQb9N1dU9Gz9koI9di0mD1Tbam+kviceiCsJl4WX/FqYjA==}
    dev: false

  /@tonaljs/pitch@5.0.2:
    resolution: {integrity: sha512-mxaXJPPe+LIJdjzpZEl8I8Wx3dEvlzkBbsr2Ltwc2dTAdnErAZ5R0TxVq2egF27lMvQN2QPQPWI9iDPPdVUmrg==}
    dev: false

  /@tonaljs/progression@4.9.1:
    resolution: {integrity: sha512-jHdZUNlXRmjrvbZrvjoW6syW7dO9ilhgvyouB6YuVM5lGShwTN9dsSuQYsugso9jYHkwQBgYj5SaXTTY0/0nHw==}
    dependencies:
      '@tonaljs/chord': 6.1.1
      '@tonaljs/pitch-distance': 5.0.5
      '@tonaljs/pitch-interval': 6.1.0
      '@tonaljs/pitch-note': 6.1.0
      '@tonaljs/roman-numeral': 4.9.1
    dev: false

  /@tonaljs/range@4.9.2:
    resolution: {integrity: sha512-XhFbCJCrEEIVz3MNmdVp9QUyiJA6eqnNnQeNqto8AuT5BYuffHDoMkBmvvjPuV5Lh8zfF9D0aqglvqPbZ+neKQ==}
    dependencies:
      '@tonaljs/collection': 4.9.0
      '@tonaljs/midi': 4.10.2
    dev: false

  /@tonaljs/rhythm-pattern@1.0.0:
    resolution: {integrity: sha512-3hp4Yw49e6BTWApRNb7arJ6HiICsHRFZYijuPE+vR93lIo9+lxcOMh0OPc4DyupTN7cvFTSB70Z7B/IeEJxhCQ==}
    dev: false

  /@tonaljs/roman-numeral@4.9.1:
    resolution: {integrity: sha512-dJGKBNHdPrNTE97ZDk4t6wpNmgYcpHyLkAvWkRP9I/HsDkeTFFQqNXosYIvspPWrFySlRpeqqFwcqV74MYoOag==}
    dependencies:
      '@tonaljs/pitch': 5.0.2
      '@tonaljs/pitch-interval': 6.1.0
      '@tonaljs/pitch-note': 6.1.0
    dev: false

  /@tonaljs/scale-type@4.9.1:
    resolution: {integrity: sha512-Nz2wThzz5NmWNx0vazX7MqNbF8kT1g5BEcbZcWjgkc67zhwosfZE0LEn7W9XcVDEws71b8CqQqDPKUEEybC9Rw==}
    dependencies:
      '@tonaljs/pcset': 4.10.1
    dev: false

  /@tonaljs/scale@4.13.3:
    resolution: {integrity: sha512-IcPMpOm6gMQJ3A2IXZ5dN0wOhHIUonQY8abTql4BrwcVCUaItXWQfSd9t1HII+2kA6J8JCeY2BukTr6wVwAhXQ==}
    dependencies:
      '@tonaljs/chord-type': 5.1.1
      '@tonaljs/collection': 4.9.0
      '@tonaljs/note': 4.12.1
      '@tonaljs/pcset': 4.10.1
      '@tonaljs/pitch-distance': 5.0.5
      '@tonaljs/pitch-note': 6.1.0
      '@tonaljs/scale-type': 4.9.1
    dev: false

  /@tonaljs/time-signature@4.9.0:
    resolution: {integrity: sha512-zRo8CBqg/2guzTlF2vxyVIuB5gmwWQaxlknJPUSDII8CTdQ/x3a1LlNoMKkvTUnqwCihe3WrNPZ5XUfOOTthYA==}
    dev: false

  /@tonaljs/tonal@4.10.0:
    resolution: {integrity: sha512-F2T9Fiy+j0MVped89kCrX1XF68mQOLUnny4pDOHrIf+OkrjtLQOzzaSOrX1tx0o72WUwQm1knz6D1d57b9X1HA==}
    dependencies:
      '@tonaljs/abc-notation': 4.9.1
      '@tonaljs/array': 4.8.4
      '@tonaljs/chord': 4.10.2
      '@tonaljs/chord-type': 4.8.2
      '@tonaljs/collection': 4.9.0
      '@tonaljs/core': 4.10.4
      '@tonaljs/duration-value': 4.9.0
      '@tonaljs/interval': 4.8.2
      '@tonaljs/key': 4.11.2
      '@tonaljs/midi': 4.10.2
      '@tonaljs/mode': 4.9.1
      '@tonaljs/note': 4.12.1
      '@tonaljs/pcset': 4.10.1
      '@tonaljs/progression': 4.9.1
      '@tonaljs/range': 4.9.2
      '@tonaljs/roman-numeral': 4.9.1
      '@tonaljs/scale': 4.13.3
      '@tonaljs/scale-type': 4.9.1
      '@tonaljs/time-signature': 4.9.0
    dev: false

  /@tonaljs/voice-leading@5.1.2:
    resolution: {integrity: sha512-lV5hsDZC4ekhh465d2aVFFqyG9AOZvwKdxU1+dNB/P6ldefU1yHC10mKdY7FrdhVgKeGZG1MbJh8rETaKVg7vA==}
    dependencies:
      '@tonaljs/note': 4.12.1
    dev: false

  /@tonaljs/voicing-dictionary@5.1.2:
    resolution: {integrity: sha512-Rsfz70rAXoBB3aUUgtOwaJzPVRk6icyzVzSjUonqUsWq4jWCavv0QOO6yOODQ22SzyzWMv2vFDfIYRj7f1fXNQ==}
    dependencies:
      '@tonaljs/chord': 6.1.1
      '@tonaljs/note': 4.12.1
      '@tonaljs/voice-leading': 5.1.2
    dev: false

  /@tonaljs/voicing@5.1.2:
    resolution: {integrity: sha512-Zk/8yPV+POxXq7bk9DermlTF86AmVxzN1ZNzK+hNtHF29Zah+w0xz+rEzKhQtU4q9vuqB4iGQO0q76VcbIDMew==}
    dependencies:
      '@tonaljs/chord': 6.1.1
      '@tonaljs/interval': 5.1.0
      '@tonaljs/note': 4.12.1
      '@tonaljs/range': 4.9.2
      '@tonaljs/voice-leading': 5.1.2
      '@tonaljs/voicing-dictionary': 5.1.2
    dev: false

  /@types/node@20.19.27:
    resolution: {integrity: sha512-N2clP5pJhB2YnZJ3PIHFk5RkygRX5WO/5f0WC08tp0wd+sv0rsJk3MqWn3CbNmT2J505a5336jaQj4ph1AdMug==}
    dependencies:
      undici-types: 6.21.0
    dev: true

  /buffer-from@1.1.2:
    resolution: {integrity: sha512-E+XQCRwSbaaiChtv6k6Dwgc+bx+Bs6vuKJHHl5kox/BaKbhiXzqQOwK4cO22yElGp2OCmjwVhT3HmxgyPGnJfQ==}
    dev: true

  /esbuild@0.18.20:
    resolution: {integrity: sha512-ceqxoedUrcayh7Y7ZX6NdbbDzGROiyVBgC4PriJThBKSVPWnnFHZAkfI1lJT8QFkOwH4qOS2SJkS4wvpGl8BpA==}
    engines: {node: '>=12'}
    hasBin: true
    requiresBuild: true
    optionalDependencies:
      '@esbuild/android-arm': 0.18.20
      '@esbuild/android-arm64': 0.18.20
      '@esbuild/android-x64': 0.18.20
      '@esbuild/darwin-arm64': 0.18.20
      '@esbuild/darwin-x64': 0.18.20
      '@esbuild/freebsd-arm64': 0.18.20
      '@esbuild/freebsd-x64': 0.18.20
      '@esbuild/linux-arm': 0.18.20
      '@esbuild/linux-arm64': 0.18.20
      '@esbuild/linux-ia32': 0.18.20
      '@esbuild/linux-loong64': 0.18.20
      '@esbuild/linux-mips64el': 0.18.20
      '@esbuild/linux-ppc64': 0.18.20
      '@esbuild/linux-riscv64': 0.18.20
      '@esbuild/linux-s390x': 0.18.20
      '@esbuild/linux-x64': 0.18.20
      '@esbuild/netbsd-x64': 0.18.20
      '@esbuild/openbsd-x64': 0.18.20
      '@esbuild/sunos-x64': 0.18.20
      '@esbuild/win32-arm64': 0.18.20
      '@esbuild/win32-ia32': 0.18.20
      '@esbuild/win32-x64': 0.18.20
    dev: true

  /fsevents@2.3.3:
    resolution: {integrity: sha512-5xoDfX+fL7faATnagmWPpbFtwh/R77WmMMqqHGS65C3vvB0YHrgF+B1YmZ3441tMj5n63k0212XNoJwzlhffQw==}
    engines: {node: ^8.16.0 || ^10.6.0 || >=11.0.0}
    os: [darwin]
    requiresBuild: true
    dev: true
    optional: true

  /get-tsconfig@4.13.0:
    resolution: {integrity: sha512-1VKTZJCwBrvbd+Wn3AOgQP/2Av+TfTCOlE4AcRJE72W1ksZXbAx8PPBR9RzgTeSPzlPMHrbANMH3LbltH73wxQ==}
    dependencies:
      resolve-pkg-maps: 1.0.0
    dev: true

  /resolve-pkg-maps@1.0.0:
    resolution: {integrity: sha512-seS2Tj26TBVOC2NIc2rOe2y2ZO7efxITtLZcGSOnHHNOQ7CkiUBfw0Iw2ck6xkIhPwLhKNLS8BO+hEpngQlqzw==}
    dev: true

  /source-map-support@0.5.21:
    resolution: {integrity: sha512-uBHU3L3czsIyYXKX88fdrGovxdSCoTGDRZ6SYXtSRxLZUzHg5P/66Ht6uoUlHu9EZod+inXhKo3qQgwXUT/y1w==}
    dependencies:
      buffer-from: 1.1.2
      source-map: 0.6.1
    dev: true

  /source-map@0.6.1:
    resolution: {integrity: sha512-UjgapumWlbMhkBgzT7Ykc5YXUT46F0iKu8SGXq0bcwP5dz/h0Plj6enJqjz1Zbq2l5WaqYnrVbwWOWMyF3F47g==}
    engines: {node: '>=0.10.0'}
    dev: true

  /tonal@6.4.2:
    resolution: {integrity: sha512-3o2ZQCZk8SsiaGGD+XQ7ntyL/06gwN4v7kbFhfkXOUPGGDMX3qEhOckWSf7SRm8nvyOGywxHlP30zO+1Y4SWgg==}
    dependencies:
      '@tonaljs/abc-notation': 4.9.1
      '@tonaljs/array': 4.8.4
      '@tonaljs/chord': 6.1.1
      '@tonaljs/chord-type': 5.1.1
      '@tonaljs/collection': 4.9.0
      '@tonaljs/core': 5.0.2
      '@tonaljs/duration-value': 4.9.0
      '@tonaljs/interval': 5.1.0
      '@tonaljs/key': 4.11.2
      '@tonaljs/midi': 4.10.2
      '@tonaljs/mode': 4.9.1
      '@tonaljs/note': 4.12.1
      '@tonaljs/pcset': 4.10.1
      '@tonaljs/progression': 4.9.1
      '@tonaljs/range': 4.9.2
      '@tonaljs/rhythm-pattern': 1.0.0
      '@tonaljs/roman-numeral': 4.9.1
      '@tonaljs/scale': 4.13.3
      '@tonaljs/scale-type': 4.9.1
      '@tonaljs/time-signature': 4.9.0
      '@tonaljs/voice-leading': 5.1.2
      '@tonaljs/voicing': 5.1.2
      '@tonaljs/voicing-dictionary': 5.1.2
    dev: false

  /tsx@3.14.0:
    resolution: {integrity: sha512-xHtFaKtHxM9LOklMmJdI3BEnQq/D5F73Of2E1GDrITi9sgoVkvIsrQUTY1G8FlmGtA+awCI4EBlTRRYxkL2sRg==}
    hasBin: true
    dependencies:
      esbuild: 0.18.20
      get-tsconfig: 4.13.0
      source-map-support: 0.5.21
    optionalDependencies:
      fsevents: 2.3.3
    dev: true

  /typescript@5.9.3:
    resolution: {integrity: sha512-jl1vZzPDinLr9eUt3J/t7V6FgNEw9QjvBPdysz9KfQDD41fQrC2Y4vKQdiaUpFT4bXlb1RHhLpp8wtm6M5TgSw==}
    engines: {node: '>=14.17'}
    hasBin: true
    dev: true

  /undici-types@6.21.0:
    resolution: {integrity: sha512-iwDZqg0QAGrg9Rav5H4n0M64c3mkR59cJ6wQp+7C4nI0gsmExaedaYLNO44eT4AtBBwjbTiGPMlt2Md0T9H9JQ==}
    dev: true
